<?xml version="1.0" encoding="UTF-8"?>
<!DOCTYPE plist PUBLIC "-//Apple//DTD PLIST 1.0//EN" "http://www.apple.com/DTDs/PropertyList-1.0.dtd">
<plist version="1.0">
<dict>
	<key>archiveVersion</key>
	<string>1</string>
	<key>classes</key>
	<dict/>
	<key>objectVersion</key>
	<string>46</string>
	<key>objects</key>
	<dict>
		<key>B9169913192AD99400B52DD1</key>
		<dict>
			<key>children</key>
			<array>
				<string>B985035C1950F01600D66D32</string>
				<string>B9169925192AD99400B52DD1</string>
				<string>B916991E192AD99400B52DD1</string>
				<string>B916993E192AD99500B52DD1</string>
				<string>B916991D192AD99400B52DD1</string>
			</array>
			<key>isa</key>
			<string>PBXGroup</string>
			<key>sourceTree</key>
			<string>&lt;group&gt;</string>
		</dict>
		<key>B9169914192AD99400B52DD1</key>
		<dict>
			<key>attributes</key>
			<dict>
				<key>CLASSPREFIX</key>
				<string>KPA</string>
				<key>LastUpgradeCheck</key>
				<string>0510</string>
				<key>ORGANIZATIONNAME</key>
				<string>Kenneth Parker Ackerson</string>
				<key>TargetAttributes</key>
				<dict>
					<key>B9169936192AD99500B52DD1</key>
					<dict>
						<key>TestTargetID</key>
						<string>B916991B192AD99400B52DD1</string>
					</dict>
				</dict>
			</dict>
			<key>buildConfigurationList</key>
			<string>B9169917192AD99400B52DD1</string>
			<key>compatibilityVersion</key>
			<string>Xcode 3.2</string>
			<key>developmentRegion</key>
			<string>English</string>
			<key>hasScannedForEncodings</key>
			<string>0</string>
			<key>isa</key>
			<string>PBXProject</string>
			<key>knownRegions</key>
			<array>
				<string>en</string>
			</array>
			<key>mainGroup</key>
			<string>B9169913192AD99400B52DD1</string>
			<key>productRefGroup</key>
			<string>B916991D192AD99400B52DD1</string>
			<key>projectDirPath</key>
			<string></string>
			<key>projectReferences</key>
			<array/>
			<key>projectRoot</key>
			<string></string>
			<key>targets</key>
			<array>
				<string>B916991B192AD99400B52DD1</string>
				<string>B9169936192AD99500B52DD1</string>
				<string>B98503591950F01600D66D32</string>
			</array>
		</dict>
		<key>B9169917192AD99400B52DD1</key>
		<dict>
			<key>buildConfigurations</key>
			<array>
				<string>B9169946192AD99500B52DD1</string>
				<string>B9169947192AD99500B52DD1</string>
			</array>
			<key>defaultConfigurationIsVisible</key>
			<string>0</string>
			<key>defaultConfigurationName</key>
			<string>Release</string>
			<key>isa</key>
			<string>XCConfigurationList</string>
		</dict>
		<key>B9169918192AD99400B52DD1</key>
		<dict>
			<key>buildActionMask</key>
			<string>2147483647</string>
			<key>files</key>
			<array>
				<string>B916992C192AD99400B52DD1</string>
				<string>B9169930192AD99400B52DD1</string>
				<string>B9850393195110C300D66D32</string>
				<string>B98503541950D80800D66D32</string>
				<string>B9169954192ADA3B00B52DD1</string>
				<string>B98503AA1951A69300D66D32</string>
				<string>B985034B1950B83F00D66D32</string>
				<string>B916995D192AEA0D00B52DD1</string>
				<string>B98503461950B61B00D66D32</string>
				<string>B9169950192AD9CD00B52DD1</string>
				<string>B98503501950BF2800D66D32</string>
				<string>B91699B1192DC26000B52DD1</string>
				<string>B985039819519E9800D66D32</string>
			</array>
			<key>isa</key>
			<string>PBXSourcesBuildPhase</string>
			<key>runOnlyForDeploymentPostprocessing</key>
			<string>0</string>
		</dict>
		<key>B9169919192AD99400B52DD1</key>
		<dict>
			<key>buildActionMask</key>
			<string>2147483647</string>
			<key>files</key>
			<array>
				<string>B9169922192AD99400B52DD1</string>
				<string>B9169924192AD99400B52DD1</string>
				<string>B9169920192AD99400B52DD1</string>
			</array>
			<key>isa</key>
			<string>PBXFrameworksBuildPhase</string>
			<key>runOnlyForDeploymentPostprocessing</key>
			<string>0</string>
		</dict>
		<key>B916991A192AD99400B52DD1</key>
		<dict>
			<key>buildActionMask</key>
			<string>2147483647</string>
			<key>files</key>
			<array>
				<string>B916992A192AD99400B52DD1</string>
				<string>B9169956192ADA8400B52DD1</string>
			</array>
			<key>isa</key>
			<string>PBXResourcesBuildPhase</string>
			<key>runOnlyForDeploymentPostprocessing</key>
			<string>0</string>
		</dict>
		<key>B916991B192AD99400B52DD1</key>
		<dict>
			<key>buildConfigurationList</key>
			<string>B9169948192AD99500B52DD1</string>
			<key>buildPhases</key>
			<array>
				<string>B9169918192AD99400B52DD1</string>
				<string>B9169919192AD99400B52DD1</string>
				<string>B916991A192AD99400B52DD1</string>
			</array>
			<key>buildRules</key>
			<array/>
			<key>dependencies</key>
			<array/>
			<key>isa</key>
			<string>PBXNativeTarget</string>
			<key>name</key>
			<string>KPAKitProject</string>
			<key>productName</key>
			<string>KPAKitProject</string>
			<key>productReference</key>
			<string>B916991C192AD99400B52DD1</string>
			<key>productType</key>
			<string>com.apple.product-type.application</string>
		</dict>
		<key>B916991C192AD99400B52DD1</key>
		<dict>
			<key>explicitFileType</key>
			<string>wrapper.application</string>
			<key>includeInIndex</key>
			<string>0</string>
			<key>isa</key>
			<string>PBXFileReference</string>
			<key>path</key>
			<string>KPAKitProject.app</string>
			<key>sourceTree</key>
			<string>BUILT_PRODUCTS_DIR</string>
		</dict>
		<key>B916991D192AD99400B52DD1</key>
		<dict>
			<key>children</key>
			<array>
				<string>B916991C192AD99400B52DD1</string>
				<string>B9169937192AD99500B52DD1</string>
				<string>B985035A1950F01600D66D32</string>
			</array>
			<key>isa</key>
			<string>PBXGroup</string>
			<key>name</key>
			<string>Products</string>
			<key>sourceTree</key>
			<string>&lt;group&gt;</string>
		</dict>
		<key>B916991E192AD99400B52DD1</key>
		<dict>
			<key>children</key>
			<array>
				<string>B916991F192AD99400B52DD1</string>
				<string>B9169921192AD99400B52DD1</string>
				<string>B9169923192AD99400B52DD1</string>
				<string>B9169938192AD99500B52DD1</string>
			</array>
			<key>isa</key>
			<string>PBXGroup</string>
			<key>name</key>
			<string>Frameworks</string>
			<key>sourceTree</key>
			<string>&lt;group&gt;</string>
		</dict>
		<key>B916991F192AD99400B52DD1</key>
		<dict>
			<key>isa</key>
			<string>PBXFileReference</string>
			<key>lastKnownFileType</key>
			<string>wrapper.framework</string>
			<key>name</key>
			<string>Foundation.framework</string>
			<key>path</key>
			<string>System/Library/Frameworks/Foundation.framework</string>
			<key>sourceTree</key>
			<string>SDKROOT</string>
		</dict>
		<key>B9169920192AD99400B52DD1</key>
		<dict>
			<key>fileRef</key>
			<string>B916991F192AD99400B52DD1</string>
			<key>isa</key>
			<string>PBXBuildFile</string>
		</dict>
		<key>B9169921192AD99400B52DD1</key>
		<dict>
			<key>isa</key>
			<string>PBXFileReference</string>
			<key>lastKnownFileType</key>
			<string>wrapper.framework</string>
			<key>name</key>
			<string>CoreGraphics.framework</string>
			<key>path</key>
			<string>System/Library/Frameworks/CoreGraphics.framework</string>
			<key>sourceTree</key>
			<string>SDKROOT</string>
		</dict>
		<key>B9169922192AD99400B52DD1</key>
		<dict>
			<key>fileRef</key>
			<string>B9169921192AD99400B52DD1</string>
			<key>isa</key>
			<string>PBXBuildFile</string>
		</dict>
		<key>B9169923192AD99400B52DD1</key>
		<dict>
			<key>isa</key>
			<string>PBXFileReference</string>
			<key>lastKnownFileType</key>
			<string>wrapper.framework</string>
			<key>name</key>
			<string>UIKit.framework</string>
			<key>path</key>
			<string>System/Library/Frameworks/UIKit.framework</string>
			<key>sourceTree</key>
			<string>SDKROOT</string>
		</dict>
		<key>B9169924192AD99400B52DD1</key>
		<dict>
			<key>fileRef</key>
			<string>B9169923192AD99400B52DD1</string>
			<key>isa</key>
			<string>PBXBuildFile</string>
		</dict>
		<key>B9169925192AD99400B52DD1</key>
		<dict>
			<key>children</key>
			<array>
				<string>B916992E192AD99400B52DD1</string>
				<string>B916992F192AD99400B52DD1</string>
				<string>B985034E1950BF2800D66D32</string>
				<string>B985034F1950BF2800D66D32</string>
				<string>B9169926192AD99400B52DD1</string>
			</array>
			<key>isa</key>
			<string>PBXGroup</string>
			<key>path</key>
			<string>KPAKitProject</string>
			<key>sourceTree</key>
			<string>&lt;group&gt;</string>
		</dict>
		<key>B9169926192AD99400B52DD1</key>
		<dict>
			<key>children</key>
			<array>
				<string>B9169955192ADA8400B52DD1</string>
				<string>B9169927192AD99400B52DD1</string>
				<string>B9169928192AD99400B52DD1</string>
				<string>B916992B192AD99400B52DD1</string>
				<string>B916992D192AD99400B52DD1</string>
			</array>
			<key>isa</key>
			<string>PBXGroup</string>
			<key>path</key>
			<string>Supporting Files</string>
			<key>sourceTree</key>
			<string>&lt;group&gt;</string>
		</dict>
		<key>B9169927192AD99400B52DD1</key>
		<dict>
			<key>isa</key>
			<string>PBXFileReference</string>
			<key>lastKnownFileType</key>
			<string>text.plist.xml</string>
			<key>path</key>
			<string>KPAKitProject-Info.plist</string>
			<key>sourceTree</key>
			<string>&lt;group&gt;</string>
		</dict>
		<key>B9169928192AD99400B52DD1</key>
		<dict>
			<key>children</key>
			<array>
				<string>B9169929192AD99400B52DD1</string>
			</array>
			<key>isa</key>
			<string>PBXVariantGroup</string>
			<key>name</key>
			<string>InfoPlist.strings</string>
			<key>sourceTree</key>
			<string>&lt;group&gt;</string>
		</dict>
		<key>B9169929192AD99400B52DD1</key>
		<dict>
			<key>isa</key>
			<string>PBXFileReference</string>
			<key>lastKnownFileType</key>
			<string>text.plist.strings</string>
			<key>name</key>
			<string>en</string>
			<key>path</key>
			<string>en.lproj/InfoPlist.strings</string>
			<key>sourceTree</key>
			<string>&lt;group&gt;</string>
		</dict>
		<key>B916992A192AD99400B52DD1</key>
		<dict>
			<key>fileRef</key>
			<string>B9169928192AD99400B52DD1</string>
			<key>isa</key>
			<string>PBXBuildFile</string>
		</dict>
		<key>B916992B192AD99400B52DD1</key>
		<dict>
			<key>isa</key>
			<string>PBXFileReference</string>
			<key>lastKnownFileType</key>
			<string>sourcecode.c.objc</string>
			<key>path</key>
			<string>main.m</string>
			<key>sourceTree</key>
			<string>&lt;group&gt;</string>
		</dict>
		<key>B916992C192AD99400B52DD1</key>
		<dict>
			<key>fileRef</key>
			<string>B916992B192AD99400B52DD1</string>
			<key>isa</key>
			<string>PBXBuildFile</string>
		</dict>
		<key>B916992D192AD99400B52DD1</key>
		<dict>
			<key>isa</key>
			<string>PBXFileReference</string>
			<key>lastKnownFileType</key>
			<string>sourcecode.c.h</string>
			<key>path</key>
			<string>KPAKitProject-Prefix.pch</string>
			<key>sourceTree</key>
			<string>&lt;group&gt;</string>
		</dict>
		<key>B916992E192AD99400B52DD1</key>
		<dict>
			<key>isa</key>
			<string>PBXFileReference</string>
			<key>lastKnownFileType</key>
			<string>sourcecode.c.h</string>
			<key>path</key>
			<string>KPAAppDelegate.h</string>
			<key>sourceTree</key>
			<string>&lt;group&gt;</string>
		</dict>
		<key>B916992F192AD99400B52DD1</key>
		<dict>
			<key>isa</key>
			<string>PBXFileReference</string>
			<key>lastKnownFileType</key>
			<string>sourcecode.c.objc</string>
			<key>path</key>
			<string>KPAAppDelegate.m</string>
			<key>sourceTree</key>
			<string>&lt;group&gt;</string>
		</dict>
		<key>B9169930192AD99400B52DD1</key>
		<dict>
			<key>fileRef</key>
			<string>B916992F192AD99400B52DD1</string>
			<key>isa</key>
			<string>PBXBuildFile</string>
		</dict>
		<key>B9169933192AD99500B52DD1</key>
		<dict>
			<key>buildActionMask</key>
			<string>2147483647</string>
			<key>files</key>
			<array>
				<string>B9169945192AD99500B52DD1</string>
			</array>
			<key>isa</key>
			<string>PBXSourcesBuildPhase</string>
			<key>runOnlyForDeploymentPostprocessing</key>
			<string>0</string>
		</dict>
		<key>B9169934192AD99500B52DD1</key>
		<dict>
			<key>buildActionMask</key>
			<string>2147483647</string>
			<key>files</key>
			<array>
				<string>B9169939192AD99500B52DD1</string>
				<string>B916993B192AD99500B52DD1</string>
				<string>B916993A192AD99500B52DD1</string>
			</array>
			<key>isa</key>
			<string>PBXFrameworksBuildPhase</string>
			<key>runOnlyForDeploymentPostprocessing</key>
			<string>0</string>
		</dict>
		<key>B9169935192AD99500B52DD1</key>
		<dict>
			<key>buildActionMask</key>
			<string>2147483647</string>
			<key>files</key>
			<array>
				<string>B9169943192AD99500B52DD1</string>
			</array>
			<key>isa</key>
			<string>PBXResourcesBuildPhase</string>
			<key>runOnlyForDeploymentPostprocessing</key>
			<string>0</string>
		</dict>
		<key>B9169936192AD99500B52DD1</key>
		<dict>
			<key>buildConfigurationList</key>
			<string>B916994B192AD99500B52DD1</string>
			<key>buildPhases</key>
			<array>
				<string>B9169933192AD99500B52DD1</string>
				<string>B9169934192AD99500B52DD1</string>
				<string>B9169935192AD99500B52DD1</string>
			</array>
			<key>buildRules</key>
			<array/>
			<key>dependencies</key>
			<array>
				<string>B916993D192AD99500B52DD1</string>
			</array>
			<key>isa</key>
			<string>PBXNativeTarget</string>
			<key>name</key>
			<string>KPAKitProjectTests</string>
			<key>productName</key>
			<string>KPAKitProjectTests</string>
			<key>productReference</key>
			<string>B9169937192AD99500B52DD1</string>
			<key>productType</key>
			<string>com.apple.product-type.bundle.unit-test</string>
		</dict>
		<key>B9169937192AD99500B52DD1</key>
		<dict>
			<key>explicitFileType</key>
			<string>wrapper.cfbundle</string>
			<key>includeInIndex</key>
			<string>0</string>
			<key>isa</key>
			<string>PBXFileReference</string>
			<key>path</key>
			<string>KPAKitProjectTests.xctest</string>
			<key>sourceTree</key>
			<string>BUILT_PRODUCTS_DIR</string>
		</dict>
		<key>B9169938192AD99500B52DD1</key>
		<dict>
			<key>isa</key>
			<string>PBXFileReference</string>
			<key>lastKnownFileType</key>
			<string>wrapper.framework</string>
			<key>name</key>
			<string>XCTest.framework</string>
			<key>path</key>
			<string>Library/Frameworks/XCTest.framework</string>
			<key>sourceTree</key>
			<string>DEVELOPER_DIR</string>
		</dict>
		<key>B9169939192AD99500B52DD1</key>
		<dict>
			<key>fileRef</key>
			<string>B9169938192AD99500B52DD1</string>
			<key>isa</key>
			<string>PBXBuildFile</string>
		</dict>
		<key>B916993A192AD99500B52DD1</key>
		<dict>
			<key>fileRef</key>
			<string>B916991F192AD99400B52DD1</string>
			<key>isa</key>
			<string>PBXBuildFile</string>
		</dict>
		<key>B916993B192AD99500B52DD1</key>
		<dict>
			<key>fileRef</key>
			<string>B9169923192AD99400B52DD1</string>
			<key>isa</key>
			<string>PBXBuildFile</string>
		</dict>
		<key>B916993C192AD99500B52DD1</key>
		<dict>
			<key>containerPortal</key>
			<string>B9169914192AD99400B52DD1</string>
			<key>isa</key>
			<string>PBXContainerItemProxy</string>
			<key>proxyType</key>
			<string>1</string>
			<key>remoteGlobalIDString</key>
			<string>B916991B192AD99400B52DD1</string>
			<key>remoteInfo</key>
			<string>KPAKitProject</string>
		</dict>
		<key>B916993D192AD99500B52DD1</key>
		<dict>
			<key>isa</key>
			<string>PBXTargetDependency</string>
			<key>target</key>
			<string>B916991B192AD99400B52DD1</string>
			<key>targetProxy</key>
			<string>B916993C192AD99500B52DD1</string>
		</dict>
		<key>B916993E192AD99500B52DD1</key>
		<dict>
			<key>children</key>
			<array>
				<string>B9169944192AD99500B52DD1</string>
				<string>B916993F192AD99500B52DD1</string>
			</array>
			<key>isa</key>
			<string>PBXGroup</string>
			<key>path</key>
			<string>KPAKitProjectTests</string>
			<key>sourceTree</key>
			<string>&lt;group&gt;</string>
		</dict>
		<key>B916993F192AD99500B52DD1</key>
		<dict>
			<key>children</key>
			<array>
				<string>B9169940192AD99500B52DD1</string>
				<string>B9169941192AD99500B52DD1</string>
			</array>
			<key>isa</key>
			<string>PBXGroup</string>
			<key>path</key>
			<string>Supporting Files</string>
			<key>sourceTree</key>
			<string>&lt;group&gt;</string>
		</dict>
		<key>B9169940192AD99500B52DD1</key>
		<dict>
			<key>isa</key>
			<string>PBXFileReference</string>
			<key>lastKnownFileType</key>
			<string>text.plist.xml</string>
			<key>path</key>
			<string>KPAKitProjectTests-Info.plist</string>
			<key>sourceTree</key>
			<string>&lt;group&gt;</string>
		</dict>
		<key>B9169941192AD99500B52DD1</key>
		<dict>
			<key>children</key>
			<array>
				<string>B9169942192AD99500B52DD1</string>
			</array>
			<key>isa</key>
			<string>PBXVariantGroup</string>
			<key>name</key>
			<string>InfoPlist.strings</string>
			<key>sourceTree</key>
			<string>&lt;group&gt;</string>
		</dict>
		<key>B9169942192AD99500B52DD1</key>
		<dict>
			<key>isa</key>
			<string>PBXFileReference</string>
			<key>lastKnownFileType</key>
			<string>text.plist.strings</string>
			<key>name</key>
			<string>en</string>
			<key>path</key>
			<string>en.lproj/InfoPlist.strings</string>
			<key>sourceTree</key>
			<string>&lt;group&gt;</string>
		</dict>
		<key>B9169943192AD99500B52DD1</key>
		<dict>
			<key>fileRef</key>
			<string>B9169941192AD99500B52DD1</string>
			<key>isa</key>
			<string>PBXBuildFile</string>
		</dict>
		<key>B9169944192AD99500B52DD1</key>
		<dict>
			<key>isa</key>
			<string>PBXFileReference</string>
			<key>lastKnownFileType</key>
			<string>sourcecode.c.objc</string>
			<key>path</key>
			<string>KPAKitProjectTests.m</string>
			<key>sourceTree</key>
			<string>&lt;group&gt;</string>
		</dict>
		<key>B9169945192AD99500B52DD1</key>
		<dict>
			<key>fileRef</key>
			<string>B9169944192AD99500B52DD1</string>
			<key>isa</key>
			<string>PBXBuildFile</string>
		</dict>
		<key>B9169946192AD99500B52DD1</key>
		<dict>
			<key>buildSettings</key>
			<dict>
				<key>ALWAYS_SEARCH_USER_PATHS</key>
				<string>NO</string>
				<key>CLANG_CXX_LANGUAGE_STANDARD</key>
				<string>gnu++0x</string>
				<key>CLANG_CXX_LIBRARY</key>
				<string>libc++</string>
				<key>CLANG_ENABLE_MODULES</key>
				<string>YES</string>
				<key>CLANG_ENABLE_OBJC_ARC</key>
				<string>YES</string>
				<key>CLANG_WARN_BOOL_CONVERSION</key>
				<string>YES</string>
				<key>CLANG_WARN_CONSTANT_CONVERSION</key>
				<string>YES</string>
				<key>CLANG_WARN_DIRECT_OBJC_ISA_USAGE</key>
				<string>YES_ERROR</string>
				<key>CLANG_WARN_EMPTY_BODY</key>
				<string>YES</string>
				<key>CLANG_WARN_ENUM_CONVERSION</key>
				<string>YES</string>
				<key>CLANG_WARN_INT_CONVERSION</key>
				<string>YES</string>
				<key>CLANG_WARN_OBJC_ROOT_CLASS</key>
				<string>YES_ERROR</string>
				<key>CLANG_WARN__DUPLICATE_METHOD_MATCH</key>
				<string>YES</string>
				<key>CODE_SIGN_IDENTITY[sdk=iphoneos*]</key>
				<string>iPhone Developer</string>
				<key>COPY_PHASE_STRIP</key>
				<string>NO</string>
				<key>GCC_C_LANGUAGE_STANDARD</key>
				<string>gnu99</string>
				<key>GCC_DYNAMIC_NO_PIC</key>
				<string>NO</string>
				<key>GCC_OPTIMIZATION_LEVEL</key>
				<string>0</string>
				<key>GCC_PREPROCESSOR_DEFINITIONS</key>
				<array>
					<string>DEBUG=1</string>
					<string>$(inherited)</string>
				</array>
				<key>GCC_SYMBOLS_PRIVATE_EXTERN</key>
				<string>NO</string>
				<key>GCC_WARN_64_TO_32_BIT_CONVERSION</key>
				<string>YES</string>
				<key>GCC_WARN_ABOUT_RETURN_TYPE</key>
				<string>YES_ERROR</string>
				<key>GCC_WARN_UNDECLARED_SELECTOR</key>
				<string>YES</string>
				<key>GCC_WARN_UNINITIALIZED_AUTOS</key>
				<string>YES_AGGRESSIVE</string>
				<key>GCC_WARN_UNUSED_FUNCTION</key>
				<string>YES</string>
				<key>GCC_WARN_UNUSED_VARIABLE</key>
				<string>YES</string>
				<key>IPHONEOS_DEPLOYMENT_TARGET</key>
				<string>7.1</string>
				<key>ONLY_ACTIVE_ARCH</key>
				<string>YES</string>
				<key>SDKROOT</key>
				<string>iphoneos</string>
			</dict>
			<key>isa</key>
			<string>XCBuildConfiguration</string>
			<key>name</key>
			<string>Debug</string>
		</dict>
		<key>B9169947192AD99500B52DD1</key>
		<dict>
			<key>buildSettings</key>
			<dict>
				<key>ALWAYS_SEARCH_USER_PATHS</key>
				<string>NO</string>
				<key>CLANG_CXX_LANGUAGE_STANDARD</key>
				<string>gnu++0x</string>
				<key>CLANG_CXX_LIBRARY</key>
				<string>libc++</string>
				<key>CLANG_ENABLE_MODULES</key>
				<string>YES</string>
				<key>CLANG_ENABLE_OBJC_ARC</key>
				<string>YES</string>
				<key>CLANG_WARN_BOOL_CONVERSION</key>
				<string>YES</string>
				<key>CLANG_WARN_CONSTANT_CONVERSION</key>
				<string>YES</string>
				<key>CLANG_WARN_DIRECT_OBJC_ISA_USAGE</key>
				<string>YES_ERROR</string>
				<key>CLANG_WARN_EMPTY_BODY</key>
				<string>YES</string>
				<key>CLANG_WARN_ENUM_CONVERSION</key>
				<string>YES</string>
				<key>CLANG_WARN_INT_CONVERSION</key>
				<string>YES</string>
				<key>CLANG_WARN_OBJC_ROOT_CLASS</key>
				<string>YES_ERROR</string>
				<key>CLANG_WARN__DUPLICATE_METHOD_MATCH</key>
				<string>YES</string>
				<key>CODE_SIGN_IDENTITY[sdk=iphoneos*]</key>
				<string>iPhone Developer</string>
				<key>COPY_PHASE_STRIP</key>
				<string>YES</string>
				<key>ENABLE_NS_ASSERTIONS</key>
				<string>NO</string>
				<key>GCC_C_LANGUAGE_STANDARD</key>
				<string>gnu99</string>
				<key>GCC_WARN_64_TO_32_BIT_CONVERSION</key>
				<string>YES</string>
				<key>GCC_WARN_ABOUT_RETURN_TYPE</key>
				<string>YES_ERROR</string>
				<key>GCC_WARN_UNDECLARED_SELECTOR</key>
				<string>YES</string>
				<key>GCC_WARN_UNINITIALIZED_AUTOS</key>
				<string>YES_AGGRESSIVE</string>
				<key>GCC_WARN_UNUSED_FUNCTION</key>
				<string>YES</string>
				<key>GCC_WARN_UNUSED_VARIABLE</key>
				<string>YES</string>
				<key>IPHONEOS_DEPLOYMENT_TARGET</key>
				<string>7.1</string>
				<key>SDKROOT</key>
				<string>iphoneos</string>
				<key>VALIDATE_PRODUCT</key>
				<string>YES</string>
			</dict>
			<key>isa</key>
			<string>XCBuildConfiguration</string>
			<key>name</key>
			<string>Release</string>
		</dict>
		<key>B9169948192AD99500B52DD1</key>
		<dict>
			<key>buildConfigurations</key>
			<array>
				<string>B9169949192AD99500B52DD1</string>
				<string>B916994A192AD99500B52DD1</string>
			</array>
			<key>defaultConfigurationIsVisible</key>
			<string>0</string>
			<key>defaultConfigurationName</key>
			<string>Release</string>
			<key>isa</key>
			<string>XCConfigurationList</string>
		</dict>
		<key>B9169949192AD99500B52DD1</key>
		<dict>
			<key>buildSettings</key>
			<dict>
				<key>ASSETCATALOG_COMPILER_APPICON_NAME</key>
				<string>AppIcon</string>
				<key>ASSETCATALOG_COMPILER_LAUNCHIMAGE_NAME</key>
				<string>LaunchImage</string>
				<key>GCC_PRECOMPILE_PREFIX_HEADER</key>
				<string>YES</string>
				<key>GCC_PREFIX_HEADER</key>
				<string>KPAKitProject/Supporting Files/KPAKitProject-Prefix.pch</string>
				<key>INFOPLIST_FILE</key>
				<string>KPAKitProject/Supporting Files/KPAKitProject-Info.plist</string>
				<key>PRODUCT_NAME</key>
				<string>$(TARGET_NAME)</string>
				<key>WRAPPER_EXTENSION</key>
				<string>app</string>
			</dict>
			<key>isa</key>
			<string>XCBuildConfiguration</string>
			<key>name</key>
			<string>Debug</string>
		</dict>
		<key>B916994A192AD99500B52DD1</key>
		<dict>
			<key>buildSettings</key>
			<dict>
				<key>ASSETCATALOG_COMPILER_APPICON_NAME</key>
				<string>AppIcon</string>
				<key>ASSETCATALOG_COMPILER_LAUNCHIMAGE_NAME</key>
				<string>LaunchImage</string>
				<key>GCC_PRECOMPILE_PREFIX_HEADER</key>
				<string>YES</string>
				<key>GCC_PREFIX_HEADER</key>
				<string>KPAKitProject/Supporting Files/KPAKitProject-Prefix.pch</string>
				<key>INFOPLIST_FILE</key>
				<string>KPAKitProject/Supporting Files/KPAKitProject-Info.plist</string>
				<key>PRODUCT_NAME</key>
				<string>$(TARGET_NAME)</string>
				<key>WRAPPER_EXTENSION</key>
				<string>app</string>
			</dict>
			<key>isa</key>
			<string>XCBuildConfiguration</string>
			<key>name</key>
			<string>Release</string>
		</dict>
		<key>B916994B192AD99500B52DD1</key>
		<dict>
			<key>buildConfigurations</key>
			<array>
				<string>B916994C192AD99500B52DD1</string>
				<string>B916994D192AD99500B52DD1</string>
			</array>
			<key>defaultConfigurationIsVisible</key>
			<string>0</string>
			<key>defaultConfigurationName</key>
			<string>Release</string>
			<key>isa</key>
			<string>XCConfigurationList</string>
		</dict>
		<key>B916994C192AD99500B52DD1</key>
		<dict>
			<key>buildSettings</key>
			<dict>
				<key>BUNDLE_LOADER</key>
				<string>$(BUILT_PRODUCTS_DIR)/KPAKitProject.app/KPAKitProject</string>
				<key>FRAMEWORK_SEARCH_PATHS</key>
				<array>
					<string>$(SDKROOT)/Developer/Library/Frameworks</string>
					<string>$(inherited)</string>
					<string>$(DEVELOPER_FRAMEWORKS_DIR)</string>
				</array>
				<key>GCC_PRECOMPILE_PREFIX_HEADER</key>
				<string>YES</string>
				<key>GCC_PREFIX_HEADER</key>
				<string>KPAKitProject/Supporting Files/KPAKitProject-Prefix.pch</string>
				<key>GCC_PREPROCESSOR_DEFINITIONS</key>
				<array>
					<string>DEBUG=1</string>
					<string>$(inherited)</string>
				</array>
				<key>INFOPLIST_FILE</key>
				<string>KPAKitProjectTests/Supporting Files/KPAKitProjectTests-Info.plist</string>
				<key>PRODUCT_NAME</key>
				<string>$(TARGET_NAME)</string>
				<key>TEST_HOST</key>
				<string>$(BUNDLE_LOADER)</string>
				<key>WRAPPER_EXTENSION</key>
				<string>xctest</string>
			</dict>
			<key>isa</key>
			<string>XCBuildConfiguration</string>
			<key>name</key>
			<string>Debug</string>
		</dict>
		<key>B916994D192AD99500B52DD1</key>
		<dict>
			<key>buildSettings</key>
			<dict>
				<key>BUNDLE_LOADER</key>
				<string>$(BUILT_PRODUCTS_DIR)/KPAKitProject.app/KPAKitProject</string>
				<key>FRAMEWORK_SEARCH_PATHS</key>
				<array>
					<string>$(SDKROOT)/Developer/Library/Frameworks</string>
					<string>$(inherited)</string>
					<string>$(DEVELOPER_FRAMEWORKS_DIR)</string>
				</array>
				<key>GCC_PRECOMPILE_PREFIX_HEADER</key>
				<string>YES</string>
				<key>GCC_PREFIX_HEADER</key>
				<string>KPAKitProject/Supporting Files/KPAKitProject-Prefix.pch</string>
				<key>INFOPLIST_FILE</key>
				<string>KPAKitProjectTests/Supporting Files/KPAKitProjectTests-Info.plist</string>
				<key>PRODUCT_NAME</key>
				<string>$(TARGET_NAME)</string>
				<key>TEST_HOST</key>
				<string>$(BUNDLE_LOADER)</string>
				<key>WRAPPER_EXTENSION</key>
				<string>xctest</string>
			</dict>
			<key>isa</key>
			<string>XCBuildConfiguration</string>
			<key>name</key>
			<string>Release</string>
		</dict>
		<key>B916994E192AD9CD00B52DD1</key>
		<dict>
			<key>fileEncoding</key>
			<string>4</string>
			<key>isa</key>
			<string>PBXFileReference</string>
			<key>lastKnownFileType</key>
			<string>sourcecode.c.h</string>
			<key>path</key>
			<string>KPAViewController.h</string>
			<key>sourceTree</key>
			<string>&lt;group&gt;</string>
		</dict>
		<key>B916994F192AD9CD00B52DD1</key>
		<dict>
			<key>fileEncoding</key>
			<string>4</string>
			<key>isa</key>
			<string>PBXFileReference</string>
			<key>lastKnownFileType</key>
			<string>sourcecode.c.objc</string>
			<key>path</key>
			<string>KPAViewController.m</string>
			<key>sourceTree</key>
			<string>&lt;group&gt;</string>
		</dict>
		<key>B9169950192AD9CD00B52DD1</key>
		<dict>
			<key>fileRef</key>
			<string>B916994F192AD9CD00B52DD1</string>
			<key>isa</key>
			<string>PBXBuildFile</string>
		</dict>
		<key>B9169952192ADA3B00B52DD1</key>
		<dict>
			<key>fileEncoding</key>
			<string>4</string>
			<key>isa</key>
			<string>PBXFileReference</string>
			<key>lastKnownFileType</key>
			<string>sourcecode.c.h</string>
			<key>path</key>
			<string>UIView+KPAKit.h</string>
			<key>sourceTree</key>
			<string>&lt;group&gt;</string>
		</dict>
		<key>B9169953192ADA3B00B52DD1</key>
		<dict>
			<key>fileEncoding</key>
			<string>4</string>
			<key>isa</key>
			<string>PBXFileReference</string>
			<key>lastKnownFileType</key>
			<string>sourcecode.c.objc</string>
			<key>path</key>
			<string>UIView+KPAKit.m</string>
			<key>sourceTree</key>
			<string>&lt;group&gt;</string>
		</dict>
		<key>B9169954192ADA3B00B52DD1</key>
		<dict>
			<key>fileRef</key>
			<string>B9169953192ADA3B00B52DD1</string>
			<key>isa</key>
			<string>PBXBuildFile</string>
		</dict>
		<key>B9169955192ADA8400B52DD1</key>
		<dict>
			<key>isa</key>
			<string>PBXFileReference</string>
			<key>lastKnownFileType</key>
			<string>image.png</string>
			<key>path</key>
			<string>Default-568h@2x.png</string>
			<key>sourceTree</key>
			<string>&lt;group&gt;</string>
		</dict>
		<key>B9169956192ADA8400B52DD1</key>
		<dict>
			<key>fileRef</key>
			<string>B9169955192ADA8400B52DD1</string>
			<key>isa</key>
			<string>PBXBuildFile</string>
		</dict>
		<key>B9169957192AE32000B52DD1</key>
		<dict>
			<key>children</key>
			<array>
				<string>B9169952192ADA3B00B52DD1</string>
				<string>B9169953192ADA3B00B52DD1</string>
			</array>
			<key>isa</key>
			<string>PBXGroup</string>
			<key>path</key>
			<string>UIView</string>
			<key>sourceTree</key>
			<string>&lt;group&gt;</string>
		</dict>
		<key>B916995B192AEA0D00B52DD1</key>
		<dict>
			<key>fileEncoding</key>
			<string>4</string>
			<key>isa</key>
			<string>PBXFileReference</string>
			<key>lastKnownFileType</key>
			<string>sourcecode.c.h</string>
			<key>path</key>
			<string>KPAPinnableView.h</string>
			<key>sourceTree</key>
			<string>&lt;group&gt;</string>
		</dict>
		<key>B916995C192AEA0D00B52DD1</key>
		<dict>
			<key>fileEncoding</key>
			<string>4</string>
			<key>isa</key>
			<string>PBXFileReference</string>
			<key>lastKnownFileType</key>
			<string>sourcecode.c.objc</string>
			<key>path</key>
			<string>KPAPinnableView.m</string>
			<key>sourceTree</key>
			<string>&lt;group&gt;</string>
		</dict>
		<key>B916995D192AEA0D00B52DD1</key>
		<dict>
			<key>fileRef</key>
			<string>B916995C192AEA0D00B52DD1</string>
			<key>isa</key>
			<string>PBXBuildFile</string>
		</dict>
		<key>B91699AF192DC26000B52DD1</key>
		<dict>
			<key>fileEncoding</key>
			<string>4</string>
			<key>isa</key>
			<string>PBXFileReference</string>
			<key>lastKnownFileType</key>
			<string>sourcecode.c.h</string>
			<key>path</key>
			<string>NSMutableArray+KPAKit.h</string>
			<key>sourceTree</key>
			<string>&lt;group&gt;</string>
		</dict>
		<key>B91699B0192DC26000B52DD1</key>
		<dict>
			<key>fileEncoding</key>
			<string>4</string>
			<key>isa</key>
			<string>PBXFileReference</string>
			<key>lastKnownFileType</key>
			<string>sourcecode.c.objc</string>
			<key>path</key>
			<string>NSMutableArray+KPAKit.m</string>
			<key>sourceTree</key>
			<string>&lt;group&gt;</string>
		</dict>
		<key>B91699B1192DC26000B52DD1</key>
		<dict>
			<key>fileRef</key>
			<string>B91699B0192DC26000B52DD1</string>
			<key>isa</key>
			<string>PBXBuildFile</string>
		</dict>
		<key>B91699B2192DC26400B52DD1</key>
		<dict>
			<key>children</key>
			<array>
				<string>B91699AF192DC26000B52DD1</string>
				<string>B91699B0192DC26000B52DD1</string>
			</array>
			<key>isa</key>
			<string>PBXGroup</string>
			<key>path</key>
			<string>NSMutableArray</string>
			<key>sourceTree</key>
			<string>&lt;group&gt;</string>
		</dict>
		<key>B98503411950B13200D66D32</key>
		<dict>
			<key>children</key>
			<array>
				<string>B98966BA1935DD61000AD2A6</string>
			</array>
			<key>isa</key>
			<string>PBXGroup</string>
			<key>path</key>
			<string>Beta</string>
			<key>sourceTree</key>
			<string>&lt;group&gt;</string>
		</dict>
		<key>B98503451950B61B00D66D32</key>
		<dict>
			<key>fileEncoding</key>
			<string>4</string>
			<key>isa</key>
			<string>PBXFileReference</string>
			<key>lastKnownFileType</key>
			<string>sourcecode.c.c</string>
			<key>path</key>
			<string>KPAKitGeneralFunctions.c</string>
			<key>sourceTree</key>
			<string>&lt;group&gt;</string>
		</dict>
		<key>B98503461950B61B00D66D32</key>
		<dict>
			<key>fileRef</key>
			<string>B98503451950B61B00D66D32</string>
			<key>isa</key>
			<string>PBXBuildFile</string>
		</dict>
		<key>B98503471950B74600D66D32</key>
		<dict>
			<key>isa</key>
			<string>PBXFileReference</string>
			<key>lastKnownFileType</key>
			<string>sourcecode.c.h</string>
			<key>path</key>
			<string>KPAKitGeneralFunctions.h</string>
			<key>sourceTree</key>
			<string>&lt;group&gt;</string>
		</dict>
		<key>B98503481950B82E00D66D32</key>
		<dict>
			<key>children</key>
			<array>
				<string>B98503471950B74600D66D32</string>
				<string>B98503451950B61B00D66D32</string>
			</array>
			<key>isa</key>
			<string>PBXGroup</string>
			<key>path</key>
			<string>KPAKitGeneralFunctions</string>
			<key>sourceTree</key>
			<string>&lt;group&gt;</string>
		</dict>
		<key>B98503491950B83F00D66D32</key>
		<dict>
			<key>fileEncoding</key>
			<string>4</string>
			<key>isa</key>
			<string>PBXFileReference</string>
			<key>lastKnownFileType</key>
			<string>sourcecode.c.h</string>
			<key>path</key>
			<string>KPAView.h</string>
			<key>sourceTree</key>
			<string>&lt;group&gt;</string>
		</dict>
		<key>B985034A1950B83F00D66D32</key>
		<dict>
			<key>fileEncoding</key>
			<string>4</string>
			<key>isa</key>
			<string>PBXFileReference</string>
			<key>lastKnownFileType</key>
			<string>sourcecode.c.objc</string>
			<key>path</key>
			<string>KPAView.m</string>
			<key>sourceTree</key>
			<string>&lt;group&gt;</string>
		</dict>
		<key>B985034B1950B83F00D66D32</key>
		<dict>
			<key>fileRef</key>
			<string>B985034A1950B83F00D66D32</string>
			<key>isa</key>
			<string>PBXBuildFile</string>
		</dict>
		<key>B985034C1950BEB400D66D32</key>
		<dict>
			<key>children</key>
			<array>
				<string>B98503491950B83F00D66D32</string>
				<string>B985034A1950B83F00D66D32</string>
			</array>
			<key>isa</key>
			<string>PBXGroup</string>
			<key>path</key>
			<string>KPAView</string>
			<key>sourceTree</key>
			<string>&lt;group&gt;</string>
		</dict>
		<key>B985034D1950BF0600D66D32</key>
		<dict>
			<key>children</key>
			<array>
				<string>B98503511950C31500D66D32</string>
				<string>B985034C1950BEB400D66D32</string>
				<string>B98503411950B13200D66D32</string>
			</array>
			<key>isa</key>
			<string>PBXGroup</string>
			<key>path</key>
			<string>UI</string>
			<key>sourceTree</key>
			<string>&lt;group&gt;</string>
		</dict>
		<key>B985034E1950BF2800D66D32</key>
		<dict>
			<key>fileEncoding</key>
			<string>4</string>
			<key>isa</key>
			<string>PBXFileReference</string>
			<key>lastKnownFileType</key>
			<string>sourcecode.c.h</string>
			<key>path</key>
			<string>KPAMainViewController.h</string>
			<key>sourceTree</key>
			<string>&lt;group&gt;</string>
		</dict>
		<key>B985034F1950BF2800D66D32</key>
		<dict>
			<key>fileEncoding</key>
			<string>4</string>
			<key>isa</key>
			<string>PBXFileReference</string>
			<key>lastKnownFileType</key>
			<string>sourcecode.c.objc</string>
			<key>path</key>
			<string>KPAMainViewController.m</string>
			<key>sourceTree</key>
			<string>&lt;group&gt;</string>
		</dict>
		<key>B98503501950BF2800D66D32</key>
		<dict>
			<key>fileRef</key>
			<string>B985034F1950BF2800D66D32</string>
			<key>isa</key>
			<string>PBXBuildFile</string>
		</dict>
		<key>B98503511950C31500D66D32</key>
		<dict>
			<key>children</key>
			<array>
				<string>B916994E192AD9CD00B52DD1</string>
				<string>B916994F192AD9CD00B52DD1</string>
			</array>
			<key>isa</key>
			<string>PBXGroup</string>
			<key>path</key>
			<string>KPAViewController</string>
			<key>sourceTree</key>
			<string>&lt;group&gt;</string>
		</dict>
		<key>B98503521950D80800D66D32</key>
		<dict>
			<key>fileEncoding</key>
			<string>4</string>
			<key>isa</key>
			<string>PBXFileReference</string>
			<key>lastKnownFileType</key>
			<string>sourcecode.c.h</string>
			<key>path</key>
			<string>NSArray+KPAKit.h</string>
			<key>sourceTree</key>
			<string>&lt;group&gt;</string>
		</dict>
		<key>B98503531950D80800D66D32</key>
		<dict>
			<key>fileEncoding</key>
			<string>4</string>
			<key>isa</key>
			<string>PBXFileReference</string>
			<key>lastKnownFileType</key>
			<string>sourcecode.c.objc</string>
			<key>path</key>
			<string>NSArray+KPAKit.m</string>
			<key>sourceTree</key>
			<string>&lt;group&gt;</string>
		</dict>
		<key>B98503541950D80800D66D32</key>
		<dict>
			<key>fileRef</key>
			<string>B98503531950D80800D66D32</string>
			<key>isa</key>
			<string>PBXBuildFile</string>
		</dict>
		<key>B98503551950E7A400D66D32</key>
		<dict>
			<key>children</key>
			<array>
				<string>B98503521950D80800D66D32</string>
				<string>B98503531950D80800D66D32</string>
			</array>
			<key>isa</key>
			<string>PBXGroup</string>
			<key>path</key>
			<string>NSArray</string>
			<key>sourceTree</key>
			<string>&lt;group&gt;</string>
		</dict>
		<key>B98503561950F01600D66D32</key>
		<dict>
			<key>buildActionMask</key>
			<string>2147483647</string>
			<key>files</key>
			<array>
				<string>B9850394195110C300D66D32</string>
				<string>B985037C1950F03900D66D32</string>
				<string>B98503AB1951A69300D66D32</string>
				<string>B98503811950F03900D66D32</string>
				<string>B98503831950F03900D66D32</string>
				<string>B98503851950F03900D66D32</string>
				<string>B98503871950F03900D66D32</string>
				<string>B98503891950F03900D66D32</string>
				<string>B985039919519E9800D66D32</string>
				<string>B985038B1950F03900D66D32</string>
				<string>B985038D1950F03900D66D32</string>
			</array>
			<key>isa</key>
			<string>PBXSourcesBuildPhase</string>
			<key>runOnlyForDeploymentPostprocessing</key>
			<string>0</string>
		</dict>
		<key>B98503571950F01600D66D32</key>
		<dict>
			<key>buildActionMask</key>
			<string>2147483647</string>
			<key>files</key>
			<array>
				<string>B985038F1950F06E00D66D32</string>
				<string>B985038E1950F06600D66D32</string>
				<string>B985035B1950F01600D66D32</string>
			</array>
			<key>isa</key>
			<string>PBXFrameworksBuildPhase</string>
			<key>runOnlyForDeploymentPostprocessing</key>
			<string>0</string>
		</dict>
		<key>B98503581950F01600D66D32</key>
		<dict>
			<key>buildActionMask</key>
			<string>2147483647</string>
			<key>dstPath</key>
			<string>include/$(PRODUCT_NAME)</string>
			<key>dstSubfolderSpec</key>
			<string>16</string>
			<key>files</key>
			<array>
				<string>B98503A71951A56800D66D32</string>
				<string>B98503A61951A56000D66D32</string>
				<string>B98503A51951A55C00D66D32</string>
				<string>B98503A41951A55800D66D32</string>
				<string>B98503A31951A55300D66D32</string>
				<string>B98503A21951A54E00D66D32</string>
				<string>B98503A11951A54B00D66D32</string>
				<string>B98503A01951A54700D66D32</string>
				<string>B985039F1951A54400D66D32</string>
				<string>B985039D1951A54000D66D32</string>
				<string>B985039E1951A54000D66D32</string>
			</array>
			<key>isa</key>
			<string>PBXCopyFilesBuildPhase</string>
			<key>runOnlyForDeploymentPostprocessing</key>
			<string>0</string>
		</dict>
		<key>B98503591950F01600D66D32</key>
		<dict>
			<key>buildConfigurationList</key>
			<string>B98503761950F01600D66D32</string>
			<key>buildPhases</key>
			<array>
				<string>B98503561950F01600D66D32</string>
				<string>B98503571950F01600D66D32</string>
				<string>B98503581950F01600D66D32</string>
			</array>
			<key>buildRules</key>
			<array/>
			<key>dependencies</key>
			<array/>
			<key>isa</key>
			<string>PBXNativeTarget</string>
			<key>name</key>
			<string>KPAKit</string>
			<key>productName</key>
			<string>KPAKit</string>
			<key>productReference</key>
			<string>B985035A1950F01600D66D32</string>
			<key>productType</key>
			<string>com.apple.product-type.library.static</string>
		</dict>
		<key>B985035A1950F01600D66D32</key>
		<dict>
			<key>explicitFileType</key>
			<string>archive.ar</string>
			<key>includeInIndex</key>
			<string>0</string>
			<key>isa</key>
			<string>PBXFileReference</string>
			<key>path</key>
			<string>libKPAKit.a</string>
			<key>sourceTree</key>
			<string>BUILT_PRODUCTS_DIR</string>
		</dict>
		<key>B985035B1950F01600D66D32</key>
		<dict>
			<key>fileRef</key>
			<string>B916991F192AD99400B52DD1</string>
			<key>isa</key>
			<string>PBXBuildFile</string>
		</dict>
		<key>B985035C1950F01600D66D32</key>
		<dict>
			<key>children</key>
			<array>
				<string>B985039C19519FC700D66D32</string>
				<string>B98966B81935C519000AD2A6</string>
				<string>B9850390195110A100D66D32</string>
				<string>B985034D1950BF0600D66D32</string>
				<string>B98966B91935DD54000AD2A6</string>
				<string>B985035D1950F01600D66D32</string>
			</array>
			<key>isa</key>
			<string>PBXGroup</string>
			<key>path</key>
			<string>KPAKit</string>
			<key>sourceTree</key>
			<string>&lt;group&gt;</string>
		</dict>
		<key>B985035D1950F01600D66D32</key>
		<dict>
			<key>children</key>
			<array>
				<string>B985035E1950F01600D66D32</string>
			</array>
			<key>isa</key>
			<string>PBXGroup</string>
			<key>path</key>
			<string>Supporting Files</string>
			<key>sourceTree</key>
			<string>&lt;group&gt;</string>
		</dict>
		<key>B985035E1950F01600D66D32</key>
		<dict>
			<key>isa</key>
			<string>PBXFileReference</string>
			<key>lastKnownFileType</key>
			<string>sourcecode.c.h</string>
			<key>path</key>
			<string>KPAKit-Prefix.pch</string>
			<key>sourceTree</key>
			<string>&lt;group&gt;</string>
		</dict>
		<key>B98503761950F01600D66D32</key>
		<dict>
			<key>buildConfigurations</key>
			<array>
				<string>B98503771950F01600D66D32</string>
				<string>B98503781950F01600D66D32</string>
			</array>
			<key>defaultConfigurationIsVisible</key>
			<string>0</string>
			<key>defaultConfigurationName</key>
			<string>Release</string>
			<key>isa</key>
			<string>XCConfigurationList</string>
		</dict>
		<key>B98503771950F01600D66D32</key>
		<dict>
			<key>buildSettings</key>
			<dict>
				<key>DSTROOT</key>
				<string>/tmp/KPAKit.dst</string>
				<key>GCC_PRECOMPILE_PREFIX_HEADER</key>
				<string>YES</string>
				<key>GCC_PREFIX_HEADER</key>
				<string>KPAKit/Supporting Files/KPAKit-Prefix.pch</string>
				<key>GCC_PREPROCESSOR_DEFINITIONS</key>
				<array>
					<string>DEBUG=1</string>
					<string>$(inherited)</string>
				</array>
				<key>OTHER_LDFLAGS</key>
				<string>-ObjC</string>
				<key>PRODUCT_NAME</key>
				<string>$(TARGET_NAME)</string>
				<key>SKIP_INSTALL</key>
				<string>YES</string>
			</dict>
			<key>isa</key>
			<string>XCBuildConfiguration</string>
			<key>name</key>
			<string>Debug</string>
		</dict>
		<key>B98503781950F01600D66D32</key>
		<dict>
			<key>buildSettings</key>
			<dict>
				<key>DSTROOT</key>
				<string>/tmp/KPAKit.dst</string>
				<key>GCC_PRECOMPILE_PREFIX_HEADER</key>
				<string>YES</string>
				<key>GCC_PREFIX_HEADER</key>
				<string>KPAKit/Supporting Files/KPAKit-Prefix.pch</string>
				<key>OTHER_LDFLAGS</key>
				<string>-ObjC</string>
				<key>PRODUCT_NAME</key>
				<string>$(TARGET_NAME)</string>
				<key>SKIP_INSTALL</key>
				<string>YES</string>
			</dict>
			<key>isa</key>
			<string>XCBuildConfiguration</string>
			<key>name</key>
			<string>Release</string>
		</dict>
		<key>B985037C1950F03900D66D32</key>
		<dict>
			<key>fileRef</key>
			<string>B916992F192AD99400B52DD1</string>
			<key>isa</key>
			<string>PBXBuildFile</string>
		</dict>
		<key>B98503811950F03900D66D32</key>
		<dict>
			<key>fileRef</key>
			<string>B98503451950B61B00D66D32</string>
			<key>isa</key>
			<string>PBXBuildFile</string>
		</dict>
		<key>B98503831950F03900D66D32</key>
		<dict>
			<key>fileRef</key>
			<string>B916994F192AD9CD00B52DD1</string>
			<key>isa</key>
			<string>PBXBuildFile</string>
		</dict>
		<key>B98503851950F03900D66D32</key>
		<dict>
			<key>fileRef</key>
			<string>B985034A1950B83F00D66D32</string>
			<key>isa</key>
			<string>PBXBuildFile</string>
		</dict>
		<key>B98503871950F03900D66D32</key>
		<dict>
			<key>fileRef</key>
			<string>B916995C192AEA0D00B52DD1</string>
			<key>isa</key>
			<string>PBXBuildFile</string>
		</dict>
		<key>B98503891950F03900D66D32</key>
		<dict>
			<key>fileRef</key>
			<string>B9169953192ADA3B00B52DD1</string>
			<key>isa</key>
			<string>PBXBuildFile</string>
		</dict>
		<key>B985038B1950F03900D66D32</key>
		<dict>
			<key>fileRef</key>
			<string>B91699B0192DC26000B52DD1</string>
			<key>isa</key>
			<string>PBXBuildFile</string>
		</dict>
		<key>B985038D1950F03900D66D32</key>
		<dict>
			<key>fileRef</key>
			<string>B98503531950D80800D66D32</string>
			<key>isa</key>
			<string>PBXBuildFile</string>
		</dict>
		<key>B985038E1950F06600D66D32</key>
		<dict>
			<key>fileRef</key>
			<string>B9169921192AD99400B52DD1</string>
			<key>isa</key>
			<string>PBXBuildFile</string>
		</dict>
		<key>B985038F1950F06E00D66D32</key>
		<dict>
			<key>fileRef</key>
			<string>B9169923192AD99400B52DD1</string>
			<key>isa</key>
			<string>PBXBuildFile</string>
		</dict>
		<key>B9850390195110A100D66D32</key>
		<dict>
			<key>children</key>
			<array>
				<string>B985039B19519FA400D66D32</string>
				<string>B9850395195110C900D66D32</string>
			</array>
			<key>isa</key>
			<string>PBXGroup</string>
			<key>path</key>
			<string>General</string>
			<key>sourceTree</key>
			<string>&lt;group&gt;</string>
		</dict>
		<key>B9850391195110C300D66D32</key>
		<dict>
			<key>fileEncoding</key>
			<string>4</string>
			<key>isa</key>
			<string>PBXFileReference</string>
			<key>lastKnownFileType</key>
			<string>sourcecode.c.h</string>
			<key>path</key>
			<string>KPATreeNode.h</string>
			<key>sourceTree</key>
			<string>&lt;group&gt;</string>
		</dict>
		<key>B9850392195110C300D66D32</key>
		<dict>
			<key>fileEncoding</key>
			<string>4</string>
			<key>isa</key>
			<string>PBXFileReference</string>
			<key>lastKnownFileType</key>
			<string>sourcecode.c.objc</string>
			<key>path</key>
			<string>KPATreeNode.m</string>
			<key>sourceTree</key>
			<string>&lt;group&gt;</string>
		</dict>
		<key>B9850393195110C300D66D32</key>
		<dict>
			<key>fileRef</key>
			<string>B9850392195110C300D66D32</string>
			<key>isa</key>
			<string>PBXBuildFile</string>
		</dict>
		<key>B9850394195110C300D66D32</key>
		<dict>
			<key>fileRef</key>
			<string>B9850392195110C300D66D32</string>
			<key>isa</key>
			<string>PBXBuildFile</string>
		</dict>
		<key>B9850395195110C900D66D32</key>
		<dict>
			<key>children</key>
			<array>
				<string>B9850391195110C300D66D32</string>
				<string>B9850392195110C300D66D32</string>
			</array>
			<key>isa</key>
			<string>PBXGroup</string>
			<key>path</key>
			<string>KPATreeNode</string>
			<key>sourceTree</key>
			<string>&lt;group&gt;</string>
		</dict>
		<key>B985039619519E8B00D66D32</key>
		<dict>
			<key>isa</key>
			<string>PBXFileReference</string>
			<key>lastKnownFileType</key>
			<string>sourcecode.c.h</string>
			<key>path</key>
			<string>KPAKitGeometryFunctions.h</string>
			<key>sourceTree</key>
			<string>&lt;group&gt;</string>
		</dict>
		<key>B985039719519E9800D66D32</key>
		<dict>
			<key>fileEncoding</key>
			<string>4</string>
			<key>isa</key>
			<string>PBXFileReference</string>
			<key>lastKnownFileType</key>
			<string>sourcecode.c.c</string>
			<key>path</key>
			<string>KPAKitGeometryFunctions.c</string>
			<key>sourceTree</key>
			<string>&lt;group&gt;</string>
		</dict>
		<key>B985039819519E9800D66D32</key>
		<dict>
			<key>fileRef</key>
			<string>B985039719519E9800D66D32</string>
			<key>isa</key>
			<string>PBXBuildFile</string>
		</dict>
		<key>B985039919519E9800D66D32</key>
		<dict>
			<key>fileRef</key>
			<string>B985039719519E9800D66D32</string>
			<key>isa</key>
			<string>PBXBuildFile</string>
		</dict>
		<key>B985039A19519F9D00D66D32</key>
		<dict>
			<key>children</key>
			<array>
				<string>B985039619519E8B00D66D32</string>
				<string>B985039719519E9800D66D32</string>
			</array>
			<key>isa</key>
			<string>PBXGroup</string>
			<key>path</key>
			<string>KPAKitGeometryFunctions</string>
			<key>sourceTree</key>
			<string>&lt;group&gt;</string>
		</dict>
		<key>B985039B19519FA400D66D32</key>
		<dict>
			<key>children</key>
			<array>
				<string>B985039A19519F9D00D66D32</string>
				<string>B98503481950B82E00D66D32</string>
			</array>
			<key>isa</key>
			<string>PBXGroup</string>
			<key>path</key>
			<string>Functions</string>
			<key>sourceTree</key>
			<string>&lt;group&gt;</string>
		</dict>
		<key>B985039C19519FC700D66D32</key>
		<dict>
			<key>isa</key>
			<string>PBXFileReference</string>
			<key>lastKnownFileType</key>
			<string>sourcecode.c.h</string>
			<key>path</key>
			<string>KPAKit.h</string>
			<key>sourceTree</key>
			<string>&lt;group&gt;</string>
		</dict>
		<key>B985039D1951A54000D66D32</key>
		<dict>
			<key>fileRef</key>
			<string>B985039C19519FC700D66D32</string>
			<key>isa</key>
			<string>PBXBuildFile</string>
		</dict>
		<key>B985039E1951A54000D66D32</key>
		<dict>
			<key>fileRef</key>
			<string>B98966B81935C519000AD2A6</string>
			<key>isa</key>
			<string>PBXBuildFile</string>
		</dict>
		<key>B985039F1951A54400D66D32</key>
		<dict>
			<key>fileRef</key>
			<string>B985039619519E8B00D66D32</string>
			<key>isa</key>
			<string>PBXBuildFile</string>
		</dict>
		<key>B98503A01951A54700D66D32</key>
		<dict>
			<key>fileRef</key>
			<string>B98503471950B74600D66D32</string>
			<key>isa</key>
			<string>PBXBuildFile</string>
		</dict>
		<key>B98503A11951A54B00D66D32</key>
		<dict>
			<key>fileRef</key>
			<string>B916995B192AEA0D00B52DD1</string>
			<key>isa</key>
			<string>PBXBuildFile</string>
		</dict>
		<key>B98503A21951A54E00D66D32</key>
		<dict>
			<key>fileRef</key>
			<string>B9850391195110C300D66D32</string>
			<key>isa</key>
			<string>PBXBuildFile</string>
		</dict>
		<key>B98503A31951A55300D66D32</key>
		<dict>
			<key>fileRef</key>
			<string>B916994E192AD9CD00B52DD1</string>
			<key>isa</key>
			<string>PBXBuildFile</string>
		</dict>
		<key>B98503A41951A55800D66D32</key>
		<dict>
			<key>fileRef</key>
			<string>B98503491950B83F00D66D32</string>
			<key>isa</key>
			<string>PBXBuildFile</string>
		</dict>
		<key>B98503A51951A55C00D66D32</key>
		<dict>
			<key>fileRef</key>
			<string>B9169952192ADA3B00B52DD1</string>
			<key>isa</key>
			<string>PBXBuildFile</string>
		</dict>
		<key>B98503A61951A56000D66D32</key>
		<dict>
			<key>fileRef</key>
			<string>B91699AF192DC26000B52DD1</string>
			<key>isa</key>
			<string>PBXBuildFile</string>
		</dict>
		<key>B98503A71951A56800D66D32</key>
		<dict>
			<key>fileRef</key>
			<string>B98503521950D80800D66D32</string>
			<key>isa</key>
			<string>PBXBuildFile</string>
		</dict>
		<key>B98503A81951A69300D66D32</key>
		<dict>
			<key>fileEncoding</key>
			<string>4</string>
			<key>isa</key>
			<string>PBXFileReference</string>
			<key>lastKnownFileType</key>
			<string>sourcecode.c.h</string>
			<key>path</key>
			<string>NSData+KPAKit.h</string>
			<key>sourceTree</key>
			<string>&lt;group&gt;</string>
		</dict>
		<key>B98503A91951A69300D66D32</key>
		<dict>
			<key>fileEncoding</key>
			<string>4</string>
			<key>isa</key>
			<string>PBXFileReference</string>
			<key>lastKnownFileType</key>
			<string>sourcecode.c.objc</string>
			<key>path</key>
			<string>NSData+KPAKit.m</string>
			<key>sourceTree</key>
			<string>&lt;group&gt;</string>
		</dict>
		<key>B98503AA1951A69300D66D32</key>
		<dict>
			<key>fileRef</key>
			<string>B98503A91951A69300D66D32</string>
			<key>isa</key>
			<string>PBXBuildFile</string>
		</dict>
		<key>B98503AB1951A69300D66D32</key>
		<dict>
			<key>fileRef</key>
			<string>B98503A91951A69300D66D32</string>
			<key>isa</key>
			<string>PBXBuildFile</string>
		</dict>
		<key>B98503AC1951A69700D66D32</key>
		<dict>
			<key>children</key>
			<array>
				<string>B98503A81951A69300D66D32</string>
				<string>B98503A91951A69300D66D32</string>
			</array>
			<key>isa</key>
			<string>PBXGroup</string>
			<key>name</key>
			<string>NSData</string>
			<key>path</key>
			<string>NSData</string>
			<key>sourceTree</key>
			<string>&lt;group&gt;</string>
		</dict>
		<key>B98966B81935C519000AD2A6</key>
		<dict>
			<key>isa</key>
			<string>PBXFileReference</string>
			<key>lastKnownFileType</key>
			<string>sourcecode.c.h</string>
			<key>path</key>
			<string>KPAKitDefinitions.h</string>
			<key>sourceTree</key>
			<string>&lt;group&gt;</string>
		</dict>
		<key>B98966B91935DD54000AD2A6</key>
		<dict>
			<key>children</key>
			<array>
				<string>B9169957192AE32000B52DD1</string>
				<string>B91699B2192DC26400B52DD1</string>
				<string>B98503551950E7A400D66D32</string>
				<string>B98503AC1951A69700D66D32</string>
			</array>
			<key>isa</key>
			<string>PBXGroup</string>
			<key>path</key>
			<string>Categories</string>
			<key>sourceTree</key>
			<string>&lt;group&gt;</string>
		</dict>
		<key>B98966BA1935DD61000AD2A6</key>
		<dict>
			<key>children</key>
			<array>
				<string>B916995B192AEA0D00B52DD1</string>
				<string>B916995C192AEA0D00B52DD1</string>
			</array>
			<key>isa</key>
			<string>PBXGroup</string>
			<key>path</key>
			<string>KPAPinnableView</string>
			<key>sourceTree</key>
			<string>&lt;group&gt;</string>
		</dict>
	</dict>
	<key>rootObject</key>
	<string>B9169914192AD99400B52DD1</string>
</dict>
</plist>
